
Microsoft Visual Studio Solution File, Format Version 12.00
# Visual Studio Version 16
VisualStudioVersion = 16.0.31129.286
MinimumVisualStudioVersion = 10.0.40219.1
Project("{FAE04EC0-301F-11D3-BF4B-00C04F79EFBC}") = "HappyDungeon", "HappyDungeon.csproj", "{6FE4D4E9-F990-4DB4-8464-CBB7DC8C8FF6}"
EndProject
Global
	GlobalSection(SolutionConfigurationPlatforms) = preSolution
		Debug|Any CPU = Debug|Any CPU
		Release|Any CPU = Release|Any CPU
	EndGlobalSection
	GlobalSection(ProjectConfigurationPlatforms) = postSolution
		{6FE4D4E9-F990-4DB4-8464-CBB7DC8C8FF6}.Debug|Any CPU.ActiveCfg = Debug|Any CPU
		{6FE4D4E9-F990-4DB4-8464-CBB7DC8C8FF6}.Debug|Any CPU.Build.0 = Debug|Any CPU
		{6FE4D4E9-F990-4DB4-8464-CBB7DC8C8FF6}.Release|Any CPU.ActiveCfg = Release|Any CPU
		{6FE4D4E9-F990-4DB4-8464-CBB7DC8C8FF6}.Release|Any CPU.Build.0 = Release|Any CPU
	EndGlobalSection
	GlobalSection(SolutionProperties) = preSolution
		HideSolutionNode = FALSE
	EndGlobalSection
	GlobalSection(ExtensibilityGlobals) = postSolution
		SolutionGuid = {1E89FC8C-6057-43FF-911F-E106AE953EF0}
	EndGlobalSection
EndGlobal
